
Microsoft Visual Studio Solution File, Format Version 12.00
# Visual Studio 14
VisualStudioVersion = 14.0.24720.0
MinimumVisualStudioVersion = 10.0.40219.1
Project("{FAE04EC0-301F-11D3-BF4B-00C04F79EFBC}") = "Bookva.Web", "Bookva\Bookva.Web.csproj", "{806CC66D-BBB7-4827-B1B7-E3CF80EEF902}"
EndProject
Project("{FAE04EC0-301F-11D3-BF4B-00C04F79EFBC}") = "Bookva.Entities", "Entities\Bookva.Entities.csproj", "{3116ECA0-8C60-43FF-8D3E-B9FE1636FF8E}"
EndProject
Project("{FAE04EC0-301F-11D3-BF4B-00C04F79EFBC}") = "Bookva.DAL", "DAL\Bookva.DAL.csproj", "{52471301-1E49-4E1C-B704-ECF67B5B5A84}"
EndProject
Project("{FAE04EC0-301F-11D3-BF4B-00C04F79EFBC}") = "Bookva.Business", "Business\Bookva.Business.csproj", "{BFDFE2AA-DB45-4B42-B494-6A92977051DC}"
EndProject
Project("{FAE04EC0-301F-11D3-BF4B-00C04F79EFBC}") = "Bookva.BusinessEntities", "Bookva.BusinessEntities\Bookva.BusinessEntities.csproj", "{F5121F00-DA35-4B9E-8FBD-6171C1AD3C72}"
EndProject
Project("{FAE04EC0-301F-11D3-BF4B-00C04F79EFBC}") = "Bookva.Common", "Bookva.Common\Bookva.Common.csproj", "{1F3DD4FE-4918-4704-A3BD-75611896A2B8}"
EndProject
Global
	GlobalSection(SolutionConfigurationPlatforms) = preSolution
		Debug|Any CPU = Debug|Any CPU
		Release|Any CPU = Release|Any CPU
	EndGlobalSection
	GlobalSection(ProjectConfigurationPlatforms) = postSolution
		{806CC66D-BBB7-4827-B1B7-E3CF80EEF902}.Debug|Any CPU.ActiveCfg = Debug|Any CPU
		{806CC66D-BBB7-4827-B1B7-E3CF80EEF902}.Debug|Any CPU.Build.0 = Debug|Any CPU
		{806CC66D-BBB7-4827-B1B7-E3CF80EEF902}.Release|Any CPU.ActiveCfg = Release|Any CPU
		{806CC66D-BBB7-4827-B1B7-E3CF80EEF902}.Release|Any CPU.Build.0 = Release|Any CPU
		{3116ECA0-8C60-43FF-8D3E-B9FE1636FF8E}.Debug|Any CPU.ActiveCfg = Debug|Any CPU
		{3116ECA0-8C60-43FF-8D3E-B9FE1636FF8E}.Debug|Any CPU.Build.0 = Debug|Any CPU
		{3116ECA0-8C60-43FF-8D3E-B9FE1636FF8E}.Release|Any CPU.ActiveCfg = Release|Any CPU
		{3116ECA0-8C60-43FF-8D3E-B9FE1636FF8E}.Release|Any CPU.Build.0 = Release|Any CPU
		{52471301-1E49-4E1C-B704-ECF67B5B5A84}.Debug|Any CPU.ActiveCfg = Debug|Any CPU
		{52471301-1E49-4E1C-B704-ECF67B5B5A84}.Debug|Any CPU.Build.0 = Debug|Any CPU
		{52471301-1E49-4E1C-B704-ECF67B5B5A84}.Release|Any CPU.ActiveCfg = Release|Any CPU
		{52471301-1E49-4E1C-B704-ECF67B5B5A84}.Release|Any CPU.Build.0 = Release|Any CPU
		{BFDFE2AA-DB45-4B42-B494-6A92977051DC}.Debug|Any CPU.ActiveCfg = Debug|Any CPU
		{BFDFE2AA-DB45-4B42-B494-6A92977051DC}.Debug|Any CPU.Build.0 = Debug|Any CPU
		{BFDFE2AA-DB45-4B42-B494-6A92977051DC}.Release|Any CPU.ActiveCfg = Release|Any CPU
		{BFDFE2AA-DB45-4B42-B494-6A92977051DC}.Release|Any CPU.Build.0 = Release|Any CPU
		{F5121F00-DA35-4B9E-8FBD-6171C1AD3C72}.Debug|Any CPU.ActiveCfg = Debug|Any CPU
		{F5121F00-DA35-4B9E-8FBD-6171C1AD3C72}.Debug|Any CPU.Build.0 = Debug|Any CPU
		{F5121F00-DA35-4B9E-8FBD-6171C1AD3C72}.Release|Any CPU.ActiveCfg = Release|Any CPU
		{F5121F00-DA35-4B9E-8FBD-6171C1AD3C72}.Release|Any CPU.Build.0 = Release|Any CPU
		{1F3DD4FE-4918-4704-A3BD-75611896A2B8}.Debug|Any CPU.ActiveCfg = Debug|Any CPU
		{1F3DD4FE-4918-4704-A3BD-75611896A2B8}.Debug|Any CPU.Build.0 = Debug|Any CPU
		{1F3DD4FE-4918-4704-A3BD-75611896A2B8}.Release|Any CPU.ActiveCfg = Release|Any CPU
		{1F3DD4FE-4918-4704-A3BD-75611896A2B8}.Release|Any CPU.Build.0 = Release|Any CPU
	EndGlobalSection
	GlobalSection(SolutionProperties) = preSolution
		HideSolutionNode = FALSE
	EndGlobalSection
EndGlobal
